
Microsoft Visual Studio Solution File, Format Version 12.00
# Visual Studio Version 17
VisualStudioVersion = 17.9.34728.123
MinimumVisualStudioVersion = 10.0.40219.1
Project("{FAE04EC0-301F-11D3-BF4B-00C04F79EFBC}") = "Enumtask", "Enumtask\Enumtask.csproj", "{E65C1F01-8A7E-4334-ADFB-4FE098DD383F}"
EndProject
Project("{FAE04EC0-301F-11D3-BF4B-00C04F79EFBC}") = "Core", "Core\Core.csproj", "{D26DF0B7-C0FC-4A68-A8B0-D227DF0956E7}"
EndProject
Global
	GlobalSection(SolutionConfigurationPlatforms) = preSolution
		Debug|Any CPU = Debug|Any CPU
		Release|Any CPU = Release|Any CPU
	EndGlobalSection
	GlobalSection(ProjectConfigurationPlatforms) = postSolution
		{E65C1F01-8A7E-4334-ADFB-4FE098DD383F}.Debug|Any CPU.ActiveCfg = Debug|Any CPU
		{E65C1F01-8A7E-4334-ADFB-4FE098DD383F}.Debug|Any CPU.Build.0 = Debug|Any CPU
		{E65C1F01-8A7E-4334-ADFB-4FE098DD383F}.Release|Any CPU.ActiveCfg = Release|Any CPU
		{E65C1F01-8A7E-4334-ADFB-4FE098DD383F}.Release|Any CPU.Build.0 = Release|Any CPU
		{D26DF0B7-C0FC-4A68-A8B0-D227DF0956E7}.Debug|Any CPU.ActiveCfg = Debug|Any CPU
		{D26DF0B7-C0FC-4A68-A8B0-D227DF0956E7}.Debug|Any CPU.Build.0 = Debug|Any CPU
		{D26DF0B7-C0FC-4A68-A8B0-D227DF0956E7}.Release|Any CPU.ActiveCfg = Release|Any CPU
		{D26DF0B7-C0FC-4A68-A8B0-D227DF0956E7}.Release|Any CPU.Build.0 = Release|Any CPU
	EndGlobalSection
	GlobalSection(SolutionProperties) = preSolution
		HideSolutionNode = FALSE
	EndGlobalSection
	GlobalSection(ExtensibilityGlobals) = postSolution
		SolutionGuid = {E317DFE3-39EC-4B60-8293-7370EAC4E45A}
	EndGlobalSection
EndGlobal
